
Microsoft Visual Studio Solution File, Format Version 12.00
# Visual Studio 2013
VisualStudioVersion = 12.0.30723.0
MinimumVisualStudioVersion = 10.0.40219.1
Project("{FAE04EC0-301F-11D3-BF4B-00C04F79EFBC}") = "CameraWPF", "CameraWPF\CameraWPF.csproj", "{159851C2-3BBE-4950-8C56-4EE7E557E716}"
EndProject
Project("{FAE04EC0-301F-11D3-BF4B-00C04F79EFBC}") = "WebcamUserControl", "WebcamUserControl\WebcamUserControl.csproj", "{4B7AF20F-B169-473F-9172-D2C16231F52D}"
EndProject
Global
	GlobalSection(SolutionConfigurationPlatforms) = preSolution
		Debug|Any CPU = Debug|Any CPU
		Release|Any CPU = Release|Any CPU
	EndGlobalSection
	GlobalSection(ProjectConfigurationPlatforms) = postSolution
		{159851C2-3BBE-4950-8C56-4EE7E557E716}.Debug|Any CPU.ActiveCfg = Debug|Any CPU
		{159851C2-3BBE-4950-8C56-4EE7E557E716}.Debug|Any CPU.Build.0 = Debug|Any CPU
		{159851C2-3BBE-4950-8C56-4EE7E557E716}.Release|Any CPU.ActiveCfg = Release|Any CPU
		{159851C2-3BBE-4950-8C56-4EE7E557E716}.Release|Any CPU.Build.0 = Release|Any CPU
		{4B7AF20F-B169-473F-9172-D2C16231F52D}.Debug|Any CPU.ActiveCfg = Debug|Any CPU
		{4B7AF20F-B169-473F-9172-D2C16231F52D}.Debug|Any CPU.Build.0 = Debug|Any CPU
		{4B7AF20F-B169-473F-9172-D2C16231F52D}.Release|Any CPU.ActiveCfg = Release|Any CPU
		{4B7AF20F-B169-473F-9172-D2C16231F52D}.Release|Any CPU.Build.0 = Release|Any CPU
	EndGlobalSection
	GlobalSection(SolutionProperties) = preSolution
		HideSolutionNode = FALSE
	EndGlobalSection
EndGlobal
